{
  "nodes": {
    "firefox-addons": {
      "inputs": {
        "flake-utils": "flake-utils",
        "nixpkgs": [
          "nixpkgs"
        ]
      },
      "locked": {
        "dir": "pkgs/firefox-addons",
        "lastModified": 1713153847,
        "narHash": "sha256-IGrMasG5BCECeO8avDURjjf+Y6ZZvHtWh9/8f1NLETc=",
        "owner": "rycee",
        "repo": "nur-expressions",
        "rev": "79176e371614316bf037043df7870fe33da6c4da",
        "type": "gitlab"
      },
      "original": {
        "dir": "pkgs/firefox-addons",
        "owner": "rycee",
        "repo": "nur-expressions",
        "type": "gitlab"
      }
    },
    "flake-utils": {
      "locked": {
        "lastModified": 1629284811,
        "narHash": "sha256-JHgasjPR0/J1J3DRm4KxM4zTyAj4IOJY8vIl75v/kPI=",
        "owner": "numtide",
        "repo": "flake-utils",
        "rev": "c5d161cc0af116a2e17f54316f0bf43f0819785c",
        "type": "github"
      },
      "original": {
        "owner": "numtide",
        "repo": "flake-utils",
        "type": "github"
      }
    },
    "home-manager": {
      "inputs": {
        "nixpkgs": [
          "nixpkgs"
        ]
      },
      "locked": {
        "lastModified": 1713131281,
        "narHash": "sha256-/Jm1X9MPfLXAxZSCdWmQAFNUQggEfNWHol5jSyyzFzw=",
        "owner": "nix-community",
        "repo": "home-manager",
        "rev": "9f32c66a51d05e6d4ec0dea555bbff9135749ec7",
        "type": "github"
      },
      "original": {
        "owner": "nix-community",
        "repo": "home-manager",
        "type": "github"
      }
    },
    "nixpkgs": {
      "locked": {
        "lastModified": 1712963716,
        "narHash": "sha256-WKm9CvgCldeIVvRz87iOMi8CFVB1apJlkUT4GGvA0iM=",
        "owner": "nixos",
        "repo": "nixpkgs",
        "rev": "cfd6b5fc90b15709b780a5a1619695a88505a176",
        "type": "github"
      },
      "original": {
        "owner": "nixos",
        "ref": "nixos-unstable",
        "repo": "nixpkgs",
        "type": "github"
      }
    },
    "nixpkgs-stable": {
      "locked": {
        "lastModified": 1713013257,
        "narHash": "sha256-ZEfGB3YCBVggvk0BQIqVY7J8XF/9jxQ68fCca6nib+8=",
        "owner": "nixos",
        "repo": "nixpkgs",
        "rev": "90055d5e616bd943795d38808c94dbf0dd35abe8",
        "type": "github"
      },
      "original": {
        "owner": "nixos",
        "ref": "nixos-23.11",
        "repo": "nixpkgs",
        "type": "github"
      }
    },
    "rofi-conf": {
      "flake": false,
      "locked": {
        "narHash": "sha256-rkZBCyJowbM7H26D7DFztGvxq1YK48uLW8aX+9K2D0M=",
        "type": "file",
        "url": "https://raw.githubusercontent.com/catppuccin/rofi/main/basic/.local/share/rofi/themes/catppuccin-mocha.rasi"
      },
      "original": {
        "type": "file",
        "url": "https://raw.githubusercontent.com/catppuccin/rofi/main/basic/.local/share/rofi/themes/catppuccin-mocha.rasi"
      }
    },
    "root": {
      "inputs": {
        "firefox-addons": "firefox-addons",
        "home-manager": "home-manager",
        "nixpkgs": "nixpkgs",
        "nixpkgs-stable": "nixpkgs-stable",
        "rofi-conf": "rofi-conf"
      }
    }
  },
  "root": "root",
  "version": 7
}
