{
  "nodes": {
    "home-manager": {
      "inputs": {
        "nixpkgs": [
          "nixpkgs"
        ]
      },
      "locked": {
        "lastModified": 1681586243,
        "narHash": "sha256-vdP79IZuDZVNSl4RN1LgEuab1Tkbv4gCxiE8VLdRf7U=",
        "owner": "nix-community",
        "repo": "home-manager",
        "rev": "40ebb62101c83de81e5fd7c3cfe5cea2ed21b1ad",
        "type": "github"
      },
      "original": {
        "owner": "nix-community",
        "repo": "home-manager",
        "type": "github"
      }
    },
    "nixpkgs": {
      "locked": {
        "lastModified": 1681465517,
        "narHash": "sha256-EasJh15/jcJNAHtq2SGbiADRXteURAnQbj1NqBoKkzU=",
        "owner": "nixos",
        "repo": "nixpkgs",
        "rev": "abe7316dd51a313ce528972b104f4f04f56eefc4",
        "type": "github"
      },
      "original": {
        "owner": "nixos",
        "ref": "nixos-unstable",
        "repo": "nixpkgs",
        "type": "github"
      }
    },
    "root": {
      "inputs": {
        "home-manager": "home-manager",
        "nixpkgs": "nixpkgs"
      }
    }
  },
  "root": "root",
  "version": 7
}
